
Microsoft Visual Studio Solution File, Format Version 12.00
# Visual Studio Version 17
VisualStudioVersion = 17.9.34902.65
MinimumVisualStudioVersion = 10.0.40219.1
Project("{FAE04EC0-301F-11D3-BF4B-00C04F79EFBC}") = "MabiChatSpeech", "MabiChatSpeech.csproj", "{FE8F96CD-9789-452C-B773-AF09FDA79DCA}"
EndProject
Project("{54435603-DBB4-11D2-8724-00A0C9A8B90C}") = "Setup_MabiChatSpeech", "..\Setup_MabiChatSpeech\Setup_MabiChatSpeech.vdproj", "{E4E238B0-1565-42D7-BD79-2F8199070492}"
EndProject
Global
	GlobalSection(SolutionConfigurationPlatforms) = preSolution
		Debug|Any CPU = Debug|Any CPU
		Release|Any CPU = Release|Any CPU
	EndGlobalSection
	GlobalSection(ProjectConfigurationPlatforms) = postSolution
		{FE8F96CD-9789-452C-B773-AF09FDA79DCA}.Debug|Any CPU.ActiveCfg = Debug|Any CPU
		{FE8F96CD-9789-452C-B773-AF09FDA79DCA}.Debug|Any CPU.Build.0 = Debug|Any CPU
		{FE8F96CD-9789-452C-B773-AF09FDA79DCA}.Release|Any CPU.ActiveCfg = Release|Any CPU
		{FE8F96CD-9789-452C-B773-AF09FDA79DCA}.Release|Any CPU.Build.0 = Release|Any CPU
		{E4E238B0-1565-42D7-BD79-2F8199070492}.Debug|Any CPU.ActiveCfg = Debug
		{E4E238B0-1565-42D7-BD79-2F8199070492}.Release|Any CPU.ActiveCfg = Release
	EndGlobalSection
	GlobalSection(SolutionProperties) = preSolution
		HideSolutionNode = FALSE
	EndGlobalSection
	GlobalSection(ExtensibilityGlobals) = postSolution
		SolutionGuid = {7DB0A177-C7A8-4DF0-ABA9-93A1A307C721}
	EndGlobalSection
EndGlobal
