
Microsoft Visual Studio Solution File, Format Version 12.00
# Visual Studio Version 17
VisualStudioVersion = 17.9.34902.65
MinimumVisualStudioVersion = 10.0.40219.1
Project("{9A19103F-16F7-4668-BE54-9A1E7A4F7556}") = "MabiChatSpeech", "MabiChatSpeech.csproj", "{FE8F96CD-9789-452C-B773-AF09FDA79DCA}"
EndProject
Project("{54435603-DBB4-11D2-8724-00A0C9A8B90C}") = "Setup_MCS", "..\Setup_MCS\Setup_MCS.vdproj", "{EAB13233-10C7-4D64-AC47-B58E4F2EBE57}"
EndProject
Global
	GlobalSection(SolutionConfigurationPlatforms) = preSolution
		Debug|Any CPU = Debug|Any CPU
		Debug|x64 = Debug|x64
		Release|Any CPU = Release|Any CPU
		Release|x64 = Release|x64
		test|Any CPU = test|Any CPU
		test|x64 = test|x64
	EndGlobalSection
	GlobalSection(ProjectConfigurationPlatforms) = postSolution
		{FE8F96CD-9789-452C-B773-AF09FDA79DCA}.Debug|Any CPU.ActiveCfg = Debug|Any CPU
		{FE8F96CD-9789-452C-B773-AF09FDA79DCA}.Debug|Any CPU.Build.0 = Debug|Any CPU
		{FE8F96CD-9789-452C-B773-AF09FDA79DCA}.Debug|x64.ActiveCfg = Debug|Any CPU
		{FE8F96CD-9789-452C-B773-AF09FDA79DCA}.Debug|x64.Build.0 = Debug|Any CPU
		{FE8F96CD-9789-452C-B773-AF09FDA79DCA}.Release|Any CPU.ActiveCfg = Release|Any CPU
		{FE8F96CD-9789-452C-B773-AF09FDA79DCA}.Release|Any CPU.Build.0 = Release|Any CPU
		{FE8F96CD-9789-452C-B773-AF09FDA79DCA}.Release|x64.ActiveCfg = Release|Any CPU
		{FE8F96CD-9789-452C-B773-AF09FDA79DCA}.Release|x64.Build.0 = Release|Any CPU
		{FE8F96CD-9789-452C-B773-AF09FDA79DCA}.test|Any CPU.ActiveCfg = test|Any CPU
		{FE8F96CD-9789-452C-B773-AF09FDA79DCA}.test|Any CPU.Build.0 = test|Any CPU
		{FE8F96CD-9789-452C-B773-AF09FDA79DCA}.test|x64.ActiveCfg = test|Any CPU
		{FE8F96CD-9789-452C-B773-AF09FDA79DCA}.test|x64.Build.0 = test|Any CPU
		{EAB13233-10C7-4D64-AC47-B58E4F2EBE57}.Debug|Any CPU.ActiveCfg = Debug
		{EAB13233-10C7-4D64-AC47-B58E4F2EBE57}.Debug|Any CPU.Build.0 = Debug
		{EAB13233-10C7-4D64-AC47-B58E4F2EBE57}.Debug|x64.ActiveCfg = Debug
		{EAB13233-10C7-4D64-AC47-B58E4F2EBE57}.Debug|x64.Build.0 = Debug
		{EAB13233-10C7-4D64-AC47-B58E4F2EBE57}.Release|Any CPU.ActiveCfg = Release
		{EAB13233-10C7-4D64-AC47-B58E4F2EBE57}.Release|Any CPU.Build.0 = Release
		{EAB13233-10C7-4D64-AC47-B58E4F2EBE57}.Release|x64.ActiveCfg = Release
		{EAB13233-10C7-4D64-AC47-B58E4F2EBE57}.Release|x64.Build.0 = Release
		{EAB13233-10C7-4D64-AC47-B58E4F2EBE57}.test|Any CPU.ActiveCfg = test
		{EAB13233-10C7-4D64-AC47-B58E4F2EBE57}.test|Any CPU.Build.0 = test
		{EAB13233-10C7-4D64-AC47-B58E4F2EBE57}.test|x64.ActiveCfg = test
		{EAB13233-10C7-4D64-AC47-B58E4F2EBE57}.test|x64.Build.0 = test
	EndGlobalSection
	GlobalSection(SolutionProperties) = preSolution
		HideSolutionNode = FALSE
	EndGlobalSection
	GlobalSection(ExtensibilityGlobals) = postSolution
		SolutionGuid = {7DB0A177-C7A8-4DF0-ABA9-93A1A307C721}
	EndGlobalSection
EndGlobal
